{
	"name": "@crumbjs/edge",
	"version": "0.0.1",
	"lockfileVersion": 3,
	"requires": true,
	"packages": {
		"": {
			"name": "@crumbjs/edge",
			"version": "0.0.1",
			"license": "MIT",
			"dependencies": {
				"openapi-typescript": "^7.9.1"
			},
			"devDependencies": {
				"ts-unused-exports": "^11.0.1",
				"typescript": "^5.9.2"
			},
			"peerDependencies": {
				"openapi3-ts": "^4.5.0",
				"zod": "4.1.4"
			}
		},
		"node_modules/@babel/code-frame": {
			"version": "7.27.1",
			"resolved": "https://registry.npmjs.org/@babel/code-frame/-/code-frame-7.27.1.tgz",
			"integrity": "sha512-cjQ7ZlQ0Mv3b47hABuTevyTuYN4i+loJKGeV9flcCgIK37cCXRh+L1bd3iBHlynerhQ7BhCkn2BPbQUL+rGqFg==",
			"license": "MIT",
			"dependencies": {
				"@babel/helper-validator-identifier": "^7.27.1",
				"js-tokens": "^4.0.0",
				"picocolors": "^1.1.1"
			},
			"engines": {
				"node": ">=6.9.0"
			}
		},
		"node_modules/@babel/helper-validator-identifier": {
			"version": "7.27.1",
			"resolved": "https://registry.npmjs.org/@babel/helper-validator-identifier/-/helper-validator-identifier-7.27.1.tgz",
			"integrity": "sha512-D2hP9eA+Sqx1kBZgzxZh0y1trbuU+JoDkiEwqhQ36nodYqJwyEIhPSdMNd7lOm/4io72luTPWH20Yda0xOuUow==",
			"license": "MIT",
			"engines": {
				"node": ">=6.9.0"
			}
		},
		"node_modules/@redocly/ajv": {
			"version": "8.11.3",
			"resolved": "https://registry.npmjs.org/@redocly/ajv/-/ajv-8.11.3.tgz",
			"integrity": "sha512-4P3iZse91TkBiY+Dx5DUgxQ9GXkVJf++cmI0MOyLDxV9b5MUBI4II6ES8zA5JCbO72nKAJxWrw4PUPW+YP3ZDQ==",
			"license": "MIT",
			"dependencies": {
				"fast-deep-equal": "^3.1.1",
				"json-schema-traverse": "^1.0.0",
				"require-from-string": "^2.0.2",
				"uri-js-replace": "^1.0.1"
			},
			"funding": {
				"type": "github",
				"url": "https://github.com/sponsors/epoberezkin"
			}
		},
		"node_modules/@redocly/config": {
			"version": "0.22.2",
			"resolved": "https://registry.npmjs.org/@redocly/config/-/config-0.22.2.tgz",
			"integrity": "sha512-roRDai8/zr2S9YfmzUfNhKjOF0NdcOIqF7bhf4MVC5UxpjIysDjyudvlAiVbpPHp3eDRWbdzUgtkK1a7YiDNyQ==",
			"license": "MIT"
		},
		"node_modules/@redocly/openapi-core": {
			"version": "1.34.5",
			"resolved": "https://registry.npmjs.org/@redocly/openapi-core/-/openapi-core-1.34.5.tgz",
			"integrity": "sha512-0EbE8LRbkogtcCXU7liAyC00n9uNG9hJ+eMyHFdUsy9lB/WGqnEBgwjA9q2cyzAVcdTkQqTBBU1XePNnN3OijA==",
			"license": "MIT",
			"dependencies": {
				"@redocly/ajv": "^8.11.2",
				"@redocly/config": "^0.22.0",
				"colorette": "^1.2.0",
				"https-proxy-agent": "^7.0.5",
				"js-levenshtein": "^1.1.6",
				"js-yaml": "^4.1.0",
				"minimatch": "^5.0.1",
				"pluralize": "^8.0.0",
				"yaml-ast-parser": "0.0.43"
			},
			"engines": {
				"node": ">=18.17.0",
				"npm": ">=9.5.0"
			}
		},
		"node_modules/@types/json5": {
			"version": "0.0.29",
			"resolved": "https://registry.npmjs.org/@types/json5/-/json5-0.0.29.tgz",
			"integrity": "sha512-dRLjCWHYg4oaA77cxO64oO+7JwCwnIzkZPdrrC71jQmQtlhM556pwKo5bUzqvZndkVbeFLIIi+9TC40JNF5hNQ==",
			"dev": true,
			"license": "MIT"
		},
		"node_modules/agent-base": {
			"version": "7.1.4",
			"resolved": "https://registry.npmjs.org/agent-base/-/agent-base-7.1.4.tgz",
			"integrity": "sha512-MnA+YT8fwfJPgBx3m60MNqakm30XOkyIoH1y6huTQvC0PwZG7ki8NacLBcrPbNoo8vEZy7Jpuk7+jMO+CUovTQ==",
			"license": "MIT",
			"engines": {
				"node": ">= 14"
			}
		},
		"node_modules/ansi-colors": {
			"version": "4.1.3",
			"resolved": "https://registry.npmjs.org/ansi-colors/-/ansi-colors-4.1.3.tgz",
			"integrity": "sha512-/6w/C21Pm1A7aZitlI5Ni/2J6FFQN8i1Cvz3kHABAAbw93v/NlvKdVOqz7CCWz/3iv/JplRSEEZ83XION15ovw==",
			"license": "MIT",
			"engines": {
				"node": ">=6"
			}
		},
		"node_modules/ansi-styles": {
			"version": "4.3.0",
			"resolved": "https://registry.npmjs.org/ansi-styles/-/ansi-styles-4.3.0.tgz",
			"integrity": "sha512-zbB9rCJAT1rbjiVDb2hqKFHNYLxgtk8NURxZ3IZwD3F6NtxbXZQCnnSi1Lkx+IDohdPlFp222wVALIheZJQSEg==",
			"dev": true,
			"license": "MIT",
			"dependencies": {
				"color-convert": "^2.0.1"
			},
			"engines": {
				"node": ">=8"
			},
			"funding": {
				"url": "https://github.com/chalk/ansi-styles?sponsor=1"
			}
		},
		"node_modules/argparse": {
			"version": "2.0.1",
			"resolved": "https://registry.npmjs.org/argparse/-/argparse-2.0.1.tgz",
			"integrity": "sha512-8+9WqebbFzpX9OR+Wa6O29asIogeRMzcGtAINdpMHHyAg10f05aSFVBbcEqGf/PXw1EjAZ+q2/bEBg3DvurK3Q==",
			"license": "Python-2.0"
		},
		"node_modules/balanced-match": {
			"version": "1.0.2",
			"resolved": "https://registry.npmjs.org/balanced-match/-/balanced-match-1.0.2.tgz",
			"integrity": "sha512-3oSeUO0TMV67hN1AmbXsK4yaqU7tjiHlbxRDZOpH0KW9+CeX4bRAaX0Anxt0tx2MrpRpWwQaPwIlISEJhYU5Pw==",
			"license": "MIT"
		},
		"node_modules/brace-expansion": {
			"version": "2.0.2",
			"resolved": "https://registry.npmjs.org/brace-expansion/-/brace-expansion-2.0.2.tgz",
			"integrity": "sha512-Jt0vHyM+jmUBqojB7E1NIYadt0vI0Qxjxd2TErW94wDz+E2LAm5vKMXXwg6ZZBTHPuUlDgQHKXvjGBdfcF1ZDQ==",
			"license": "MIT",
			"dependencies": {
				"balanced-match": "^1.0.0"
			}
		},
		"node_modules/chalk": {
			"version": "4.1.2",
			"resolved": "https://registry.npmjs.org/chalk/-/chalk-4.1.2.tgz",
			"integrity": "sha512-oKnbhFyRIXpUuez8iBMmyEa4nbj4IOQyuhc/wy9kY7/WVPcwIO9VA668Pu8RkO7+0G76SLROeyw9CpQ061i4mA==",
			"dev": true,
			"license": "MIT",
			"dependencies": {
				"ansi-styles": "^4.1.0",
				"supports-color": "^7.1.0"
			},
			"engines": {
				"node": ">=10"
			},
			"funding": {
				"url": "https://github.com/chalk/chalk?sponsor=1"
			}
		},
		"node_modules/chalk/node_modules/supports-color": {
			"version": "7.2.0",
			"resolved": "https://registry.npmjs.org/supports-color/-/supports-color-7.2.0.tgz",
			"integrity": "sha512-qpCAvRl9stuOHveKsn7HncJRvv501qIacKzQlO/+Lwxc9+0q2wLyv4Dfvt80/DPn2pqOBsJdDiogXGR9+OvwRw==",
			"dev": true,
			"license": "MIT",
			"dependencies": {
				"has-flag": "^4.0.0"
			},
			"engines": {
				"node": ">=8"
			}
		},
		"node_modules/change-case": {
			"version": "5.4.4",
			"resolved": "https://registry.npmjs.org/change-case/-/change-case-5.4.4.tgz",
			"integrity": "sha512-HRQyTk2/YPEkt9TnUPbOpr64Uw3KOicFWPVBb+xiHvd6eBx/qPr9xqfBFDT8P2vWsvvz4jbEkfDe71W3VyNu2w==",
			"license": "MIT"
		},
		"node_modules/color-convert": {
			"version": "2.0.1",
			"resolved": "https://registry.npmjs.org/color-convert/-/color-convert-2.0.1.tgz",
			"integrity": "sha512-RRECPsj7iu/xb5oKYcsFHSppFNnsj/52OVTRKb4zP5onXwVF3zVmmToNcOfGC+CRDpfK/U584fMg38ZHCaElKQ==",
			"dev": true,
			"license": "MIT",
			"dependencies": {
				"color-name": "~1.1.4"
			},
			"engines": {
				"node": ">=7.0.0"
			}
		},
		"node_modules/color-name": {
			"version": "1.1.4",
			"resolved": "https://registry.npmjs.org/color-name/-/color-name-1.1.4.tgz",
			"integrity": "sha512-dOy+3AuW3a2wNbZHIuMZpTcgjGuLU/uBL/ubcZF9OXbDo8ff4O8yVp5Bf0efS8uEoYo5q4Fx7dY9OgQGXgAsQA==",
			"dev": true,
			"license": "MIT"
		},
		"node_modules/colorette": {
			"version": "1.4.0",
			"resolved": "https://registry.npmjs.org/colorette/-/colorette-1.4.0.tgz",
			"integrity": "sha512-Y2oEozpomLn7Q3HFP7dpww7AtMJplbM9lGZP6RDfHqmbeRjiwRg4n6VM6j4KLmRke85uWEI7JqF17f3pqdRA0g==",
			"license": "MIT"
		},
		"node_modules/debug": {
			"version": "4.4.1",
			"resolved": "https://registry.npmjs.org/debug/-/debug-4.4.1.tgz",
			"integrity": "sha512-KcKCqiftBJcZr++7ykoDIEwSa3XWowTfNPo92BYxjXiyYEVrUQh2aLyhxBCwww+heortUFxEJYcRzosstTEBYQ==",
			"license": "MIT",
			"dependencies": {
				"ms": "^2.1.3"
			},
			"engines": {
				"node": ">=6.0"
			},
			"peerDependenciesMeta": {
				"supports-color": {
					"optional": true
				}
			}
		},
		"node_modules/fast-deep-equal": {
			"version": "3.1.3",
			"resolved": "https://registry.npmjs.org/fast-deep-equal/-/fast-deep-equal-3.1.3.tgz",
			"integrity": "sha512-f3qQ9oQy9j2AhBe/H9VC91wLmKBCCU/gDOnKNAYG5hswO7BLKj09Hc5HYNz9cGI++xlpDCIgDaitVs03ATR84Q==",
			"license": "MIT"
		},
		"node_modules/has-flag": {
			"version": "4.0.0",
			"resolved": "https://registry.npmjs.org/has-flag/-/has-flag-4.0.0.tgz",
			"integrity": "sha512-EykJT/Q1KjTWctppgIAgfSO0tKVuZUjhgMr17kqTumMl6Afv3EISleU7qZUzoXDFTAHTDC4NOoG/ZxU3EvlMPQ==",
			"dev": true,
			"license": "MIT",
			"engines": {
				"node": ">=8"
			}
		},
		"node_modules/https-proxy-agent": {
			"version": "7.0.6",
			"resolved": "https://registry.npmjs.org/https-proxy-agent/-/https-proxy-agent-7.0.6.tgz",
			"integrity": "sha512-vK9P5/iUfdl95AI+JVyUuIcVtd4ofvtrOr3HNtM2yxC9bnMbEdp3x01OhQNnjb8IJYi38VlTE3mBXwcfvywuSw==",
			"license": "MIT",
			"dependencies": {
				"agent-base": "^7.1.2",
				"debug": "4"
			},
			"engines": {
				"node": ">= 14"
			}
		},
		"node_modules/index-to-position": {
			"version": "1.1.0",
			"resolved": "https://registry.npmjs.org/index-to-position/-/index-to-position-1.1.0.tgz",
			"integrity": "sha512-XPdx9Dq4t9Qk1mTMbWONJqU7boCoumEH7fRET37HX5+khDUl3J2W6PdALxhILYlIYx2amlwYcRPp28p0tSiojg==",
			"license": "MIT",
			"engines": {
				"node": ">=18"
			},
			"funding": {
				"url": "https://github.com/sponsors/sindresorhus"
			}
		},
		"node_modules/js-levenshtein": {
			"version": "1.1.6",
			"resolved": "https://registry.npmjs.org/js-levenshtein/-/js-levenshtein-1.1.6.tgz",
			"integrity": "sha512-X2BB11YZtrRqY4EnQcLX5Rh373zbK4alC1FW7D7MBhL2gtcC17cTnr6DmfHZeS0s2rTHjUTMMHfG7gO8SSdw+g==",
			"license": "MIT",
			"engines": {
				"node": ">=0.10.0"
			}
		},
		"node_modules/js-tokens": {
			"version": "4.0.0",
			"resolved": "https://registry.npmjs.org/js-tokens/-/js-tokens-4.0.0.tgz",
			"integrity": "sha512-RdJUflcE3cUzKiMqQgsCu06FPu9UdIJO0beYbPhHN4k6apgJtifcoCtT9bcxOpYBtpD2kCM6Sbzg4CausW/PKQ==",
			"license": "MIT"
		},
		"node_modules/js-yaml": {
			"version": "4.1.0",
			"resolved": "https://registry.npmjs.org/js-yaml/-/js-yaml-4.1.0.tgz",
			"integrity": "sha512-wpxZs9NoxZaJESJGIZTyDEaYpl0FKSA+FB9aJiyemKhMwkxQg63h4T1KJgUGHpTqPDNRcmmYLugrRjJlBtWvRA==",
			"license": "MIT",
			"dependencies": {
				"argparse": "^2.0.1"
			},
			"bin": {
				"js-yaml": "bin/js-yaml.js"
			}
		},
		"node_modules/json-schema-traverse": {
			"version": "1.0.0",
			"resolved": "https://registry.npmjs.org/json-schema-traverse/-/json-schema-traverse-1.0.0.tgz",
			"integrity": "sha512-NM8/P9n3XjXhIZn1lLhkFaACTOURQXjWhV4BA/RnOv8xvgqtqpAX9IO4mRQxSx1Rlo4tqzeqb0sOlruaOy3dug==",
			"license": "MIT"
		},
		"node_modules/json5": {
			"version": "1.0.2",
			"resolved": "https://registry.npmjs.org/json5/-/json5-1.0.2.tgz",
			"integrity": "sha512-g1MWMLBiz8FKi1e4w0UyVL3w+iJceWAFBAaBnnGKOpNa5f8TLktkbre1+s6oICydWAm+HRUGTmI+//xv2hvXYA==",
			"dev": true,
			"license": "MIT",
			"dependencies": {
				"minimist": "^1.2.0"
			},
			"bin": {
				"json5": "lib/cli.js"
			}
		},
		"node_modules/minimatch": {
			"version": "5.1.6",
			"resolved": "https://registry.npmjs.org/minimatch/-/minimatch-5.1.6.tgz",
			"integrity": "sha512-lKwV/1brpG6mBUFHtb7NUmtABCb2WZZmm2wNiOA5hAb8VdCS4B3dtMWyvcoViccwAW/COERjXLt0zP1zXUN26g==",
			"license": "ISC",
			"dependencies": {
				"brace-expansion": "^2.0.1"
			},
			"engines": {
				"node": ">=10"
			}
		},
		"node_modules/minimist": {
			"version": "1.2.8",
			"resolved": "https://registry.npmjs.org/minimist/-/minimist-1.2.8.tgz",
			"integrity": "sha512-2yyAR8qBkN3YuheJanUpWC5U3bb5osDywNB8RzDVlDwDHbocAJveqqj1u8+SVD7jkWT4yvsHCpWqqWqAxb0zCA==",
			"dev": true,
			"license": "MIT",
			"funding": {
				"url": "https://github.com/sponsors/ljharb"
			}
		},
		"node_modules/ms": {
			"version": "2.1.3",
			"resolved": "https://registry.npmjs.org/ms/-/ms-2.1.3.tgz",
			"integrity": "sha512-6FlzubTLZG3J2a/NVCAleEhjzq5oxgHyaCU9yYXvcLsvoVaHJq/s5xXI6/XXP6tz7R9xAOtHnSO/tXtF3WRTlA==",
			"license": "MIT"
		},
		"node_modules/openapi-typescript": {
			"version": "7.9.1",
			"resolved": "https://registry.npmjs.org/openapi-typescript/-/openapi-typescript-7.9.1.tgz",
			"integrity": "sha512-9gJtoY04mk6iPMbToPjPxEAtfXZ0dTsMZtsgUI8YZta0btPPig9DJFP4jlerQD/7QOwYgb0tl+zLUpDf7vb7VA==",
			"license": "MIT",
			"dependencies": {
				"@redocly/openapi-core": "^1.34.5",
				"ansi-colors": "^4.1.3",
				"change-case": "^5.4.4",
				"parse-json": "^8.3.0",
				"supports-color": "^10.1.0",
				"yargs-parser": "^21.1.1"
			},
			"bin": {
				"openapi-typescript": "bin/cli.js"
			},
			"peerDependencies": {
				"typescript": "^5.x"
			}
		},
		"node_modules/openapi3-ts": {
			"version": "4.5.0",
			"resolved": "https://registry.npmjs.org/openapi3-ts/-/openapi3-ts-4.5.0.tgz",
			"integrity": "sha512-jaL+HgTq2Gj5jRcfdutgRGLosCy/hT8sQf6VOy+P+g36cZOjI1iukdPnijC+4CmeRzg/jEllJUboEic2FhxhtQ==",
			"license": "MIT",
			"peer": true,
			"dependencies": {
				"yaml": "^2.8.0"
			}
		},
		"node_modules/parse-json": {
			"version": "8.3.0",
			"resolved": "https://registry.npmjs.org/parse-json/-/parse-json-8.3.0.tgz",
			"integrity": "sha512-ybiGyvspI+fAoRQbIPRddCcSTV9/LsJbf0e/S85VLowVGzRmokfneg2kwVW/KU5rOXrPSbF1qAKPMgNTqqROQQ==",
			"license": "MIT",
			"dependencies": {
				"@babel/code-frame": "^7.26.2",
				"index-to-position": "^1.1.0",
				"type-fest": "^4.39.1"
			},
			"engines": {
				"node": ">=18"
			},
			"funding": {
				"url": "https://github.com/sponsors/sindresorhus"
			}
		},
		"node_modules/picocolors": {
			"version": "1.1.1",
			"resolved": "https://registry.npmjs.org/picocolors/-/picocolors-1.1.1.tgz",
			"integrity": "sha512-xceH2snhtb5M9liqDsmEw56le376mTZkEX/jEb/RxNFyegNul7eNslCXP9FDj/Lcu0X8KEyMceP2ntpaHrDEVA==",
			"license": "ISC"
		},
		"node_modules/pluralize": {
			"version": "8.0.0",
			"resolved": "https://registry.npmjs.org/pluralize/-/pluralize-8.0.0.tgz",
			"integrity": "sha512-Nc3IT5yHzflTfbjgqWcCPpo7DaKy4FnpB0l/zCAW0Tc7jxAiuqSxHasntB3D7887LSrA93kDJ9IXovxJYxyLCA==",
			"license": "MIT",
			"engines": {
				"node": ">=4"
			}
		},
		"node_modules/require-from-string": {
			"version": "2.0.2",
			"resolved": "https://registry.npmjs.org/require-from-string/-/require-from-string-2.0.2.tgz",
			"integrity": "sha512-Xf0nWe6RseziFMu+Ap9biiUbmplq6S9/p+7w7YXP/JBHhrUDDUhwa+vANyubuqfZWTveU//DYVGsDG7RKL/vEw==",
			"license": "MIT",
			"engines": {
				"node": ">=0.10.0"
			}
		},
		"node_modules/strip-bom": {
			"version": "3.0.0",
			"resolved": "https://registry.npmjs.org/strip-bom/-/strip-bom-3.0.0.tgz",
			"integrity": "sha512-vavAMRXOgBVNF6nyEEmL3DBK19iRpDcoIwW+swQ+CbGiu7lju6t+JklA1MHweoWtadgt4ISVUsXLyDq34ddcwA==",
			"dev": true,
			"license": "MIT",
			"engines": {
				"node": ">=4"
			}
		},
		"node_modules/supports-color": {
			"version": "10.2.0",
			"resolved": "https://registry.npmjs.org/supports-color/-/supports-color-10.2.0.tgz",
			"integrity": "sha512-5eG9FQjEjDbAlI5+kdpdyPIBMRH4GfTVDGREVupaZHmVoppknhM29b/S9BkQz7cathp85BVgRi/As3Siln7e0Q==",
			"license": "MIT",
			"engines": {
				"node": ">=18"
			},
			"funding": {
				"url": "https://github.com/chalk/supports-color?sponsor=1"
			}
		},
		"node_modules/ts-unused-exports": {
			"version": "11.0.1",
			"resolved": "https://registry.npmjs.org/ts-unused-exports/-/ts-unused-exports-11.0.1.tgz",
			"integrity": "sha512-b1uIe0B8YfNZjeb+bx62LrB6qaO4CHT8SqMVBkwbwLj7Nh0xQ4J8uV0dS9E6AABId0U4LQ+3yB/HXZBMslGn2A==",
			"dev": true,
			"license": "MIT",
			"dependencies": {
				"chalk": "^4.0.0",
				"tsconfig-paths": "^3.9.0"
			},
			"bin": {
				"ts-unused-exports": "bin/ts-unused-exports"
			},
			"funding": {
				"url": "https://github.com/pzavolinsky/ts-unused-exports?sponsor=1"
			},
			"peerDependencies": {
				"typescript": ">=3.8.3"
			},
			"peerDependenciesMeta": {
				"typescript": {
					"optional": false
				}
			}
		},
		"node_modules/tsconfig-paths": {
			"version": "3.15.0",
			"resolved": "https://registry.npmjs.org/tsconfig-paths/-/tsconfig-paths-3.15.0.tgz",
			"integrity": "sha512-2Ac2RgzDe/cn48GvOe3M+o82pEFewD3UPbyoUHHdKasHwJKjds4fLXWf/Ux5kATBKN20oaFGu+jbElp1pos0mg==",
			"dev": true,
			"license": "MIT",
			"dependencies": {
				"@types/json5": "^0.0.29",
				"json5": "^1.0.2",
				"minimist": "^1.2.6",
				"strip-bom": "^3.0.0"
			}
		},
		"node_modules/type-fest": {
			"version": "4.41.0",
			"resolved": "https://registry.npmjs.org/type-fest/-/type-fest-4.41.0.tgz",
			"integrity": "sha512-TeTSQ6H5YHvpqVwBRcnLDCBnDOHWYu7IvGbHT6N8AOymcr9PJGjc1GTtiWZTYg0NCgYwvnYWEkVChQAr9bjfwA==",
			"license": "(MIT OR CC0-1.0)",
			"engines": {
				"node": ">=16"
			},
			"funding": {
				"url": "https://github.com/sponsors/sindresorhus"
			}
		},
		"node_modules/typescript": {
			"version": "5.9.2",
			"resolved": "https://registry.npmjs.org/typescript/-/typescript-5.9.2.tgz",
			"integrity": "sha512-CWBzXQrc/qOkhidw1OzBTQuYRbfyxDXJMVJ1XNwUHGROVmuaeiEm3OslpZ1RV96d7SKKjZKrSJu3+t/xlw3R9A==",
			"license": "Apache-2.0",
			"bin": {
				"tsc": "bin/tsc",
				"tsserver": "bin/tsserver"
			},
			"engines": {
				"node": ">=14.17"
			}
		},
		"node_modules/uri-js-replace": {
			"version": "1.0.1",
			"resolved": "https://registry.npmjs.org/uri-js-replace/-/uri-js-replace-1.0.1.tgz",
			"integrity": "sha512-W+C9NWNLFOoBI2QWDp4UT9pv65r2w5Cx+3sTYFvtMdDBxkKt1syCqsUdSFAChbEe1uK5TfS04wt/nGwmaeIQ0g==",
			"license": "MIT"
		},
		"node_modules/yaml": {
			"version": "2.8.1",
			"resolved": "https://registry.npmjs.org/yaml/-/yaml-2.8.1.tgz",
			"integrity": "sha512-lcYcMxX2PO9XMGvAJkJ3OsNMw+/7FKes7/hgerGUYWIoWu5j/+YQqcZr5JnPZWzOsEBgMbSbiSTn/dv/69Mkpw==",
			"license": "ISC",
			"peer": true,
			"bin": {
				"yaml": "bin.mjs"
			},
			"engines": {
				"node": ">= 14.6"
			}
		},
		"node_modules/yaml-ast-parser": {
			"version": "0.0.43",
			"resolved": "https://registry.npmjs.org/yaml-ast-parser/-/yaml-ast-parser-0.0.43.tgz",
			"integrity": "sha512-2PTINUwsRqSd+s8XxKaJWQlUuEMHJQyEuh2edBbW8KNJz0SJPwUSD2zRWqezFEdN7IzAgeuYHFUCF7o8zRdZ0A==",
			"license": "Apache-2.0"
		},
		"node_modules/yargs-parser": {
			"version": "21.1.1",
			"resolved": "https://registry.npmjs.org/yargs-parser/-/yargs-parser-21.1.1.tgz",
			"integrity": "sha512-tVpsJW7DdjecAiFpbIB1e3qxIQsE6NoPc5/eTdrbbIC4h0LVsWhnoa3g+m2HclBIujHzsxZ4VJVA+GUuc2/LBw==",
			"license": "ISC",
			"engines": {
				"node": ">=12"
			}
		},
		"node_modules/zod": {
			"version": "4.1.4",
			"resolved": "https://registry.npmjs.org/zod/-/zod-4.1.4.tgz",
			"integrity": "sha512-2YqJuWkU6IIK9qcE4k1lLLhyZ6zFw7XVRdQGpV97jEIZwTrscUw+DY31Xczd8nwaoksyJUIxCojZXwckJovWxA==",
			"license": "MIT",
			"peer": true,
			"funding": {
				"url": "https://github.com/sponsors/colinhacks"
			}
		}
	}
}
